
Microsoft Visual Studio Solution File, Format Version 12.00
Project("{FAE04EC0-301F-11D3-BF4B-00C04F79EFBC}") = "Jenkins.NETStandard", "Jenkins.NETStandard\Jenkins.NETStandard.csproj", "{62E43871-B1E5-4F54-BBB1-86716EFA8ECE}"
EndProject
Project("{FAE04EC0-301F-11D3-BF4B-00C04F79EFBC}") = "Jenkins.NetStandard.Tests", "Jenkins.NetStandard.Tests\Jenkins.NetStandard.Tests.csproj", "{FF9C88A5-9512-4FD0-B857-14CE7C3C0E11}"
EndProject
Global
	GlobalSection(SolutionConfigurationPlatforms) = preSolution
		Debug|Any CPU = Debug|Any CPU
		Release|Any CPU = Release|Any CPU
	EndGlobalSection
	GlobalSection(ProjectConfigurationPlatforms) = postSolution
		{62E43871-B1E5-4F54-BBB1-86716EFA8ECE}.Debug|Any CPU.ActiveCfg = Debug|Any CPU
		{62E43871-B1E5-4F54-BBB1-86716EFA8ECE}.Debug|Any CPU.Build.0 = Debug|Any CPU
		{62E43871-B1E5-4F54-BBB1-86716EFA8ECE}.Release|Any CPU.ActiveCfg = Release|Any CPU
		{62E43871-B1E5-4F54-BBB1-86716EFA8ECE}.Release|Any CPU.Build.0 = Release|Any CPU
		{FF9C88A5-9512-4FD0-B857-14CE7C3C0E11}.Debug|Any CPU.ActiveCfg = Debug|Any CPU
		{FF9C88A5-9512-4FD0-B857-14CE7C3C0E11}.Debug|Any CPU.Build.0 = Debug|Any CPU
		{FF9C88A5-9512-4FD0-B857-14CE7C3C0E11}.Release|Any CPU.ActiveCfg = Release|Any CPU
		{FF9C88A5-9512-4FD0-B857-14CE7C3C0E11}.Release|Any CPU.Build.0 = Release|Any CPU
	EndGlobalSection
EndGlobal
